{
  "originHash" : "d08b3e8ebe31abff0df07836dc60ae96393c432f7dd8f1edee8ad0dbd39024bc",
  "pins" : [
    {
      "identity" : "lsappcategory",
      "kind" : "remoteSourceControl",
      "location" : "https://github.com/hewigovens/LSAppCategory.git",
      "state" : {
        "branch" : "main",
        "revision" : "08764516bd97b0946d52f121f18e535cc4680bad"
      }
    }
  ],
  "version" : 3
}
