{
  "originHash" : "171f018203831d2f82b92d054dc7853105518ccc2623b9d1b322f07bf51b2677",
  "pins" : [
    {
      "identity" : "lsappcategory",
      "kind" : "remoteSourceControl",
      "location" : "https://github.com/hewigovens/LSAppCategory.git",
      "state" : {
        "revision" : "fe8edb78aaa41206e1a98b9bfbd0b0f26ed625c9"
      }
    }
  ],
  "version" : 3
}
